
Microsoft Visual Studio Solution File, Format Version 12.00
# Visual Studio Version 17
VisualStudioVersion = 17.7.34031.279
MinimumVisualStudioVersion = 10.0.40219.1
Project("{9A19103F-16F7-4668-BE54-9A1E7A4F7556}") = "CardDrawAnalysis", "CardDrawAnalysis\CardDrawAnalysis.csproj", "{EE29A081-8D33-4FB1-B5D8-CCBF887F29F3}"
EndProject
Project("{2150E333-8FDC-42A3-9474-1A3956D46DE8}") = "Solution Items", "Solution Items", "{C772569B-5CF9-4334-A42F-DDED42E516B9}"
	ProjectSection(SolutionItems) = preProject
		.gitignore = .gitignore
	EndProjectSection
EndProject
Global
	GlobalSection(SolutionConfigurationPlatforms) = preSolution
		Debug|Any CPU = Debug|Any CPU
		Release|Any CPU = Release|Any CPU
	EndGlobalSection
	GlobalSection(ProjectConfigurationPlatforms) = postSolution
		{EE29A081-8D33-4FB1-B5D8-CCBF887F29F3}.Debug|Any CPU.ActiveCfg = Debug|Any CPU
		{EE29A081-8D33-4FB1-B5D8-CCBF887F29F3}.Debug|Any CPU.Build.0 = Debug|Any CPU
		{EE29A081-8D33-4FB1-B5D8-CCBF887F29F3}.Release|Any CPU.ActiveCfg = Release|Any CPU
		{EE29A081-8D33-4FB1-B5D8-CCBF887F29F3}.Release|Any CPU.Build.0 = Release|Any CPU
	EndGlobalSection
	GlobalSection(SolutionProperties) = preSolution
		HideSolutionNode = FALSE
	EndGlobalSection
	GlobalSection(ExtensibilityGlobals) = postSolution
		SolutionGuid = {0F4144C7-B905-4A98-8897-3F42DAFE33BC}
	EndGlobalSection
EndGlobal
